
Microsoft Visual Studio Solution File, Format Version 12.00
# Visual Studio 15
VisualStudioVersion = 15.0.28307.421
MinimumVisualStudioVersion = 10.0.40219.1
Project("{FAE04EC0-301F-11D3-BF4B-00C04F79EFBC}") = "COIS 3020 Assignment 2", "COIS 3020 Assignment 2\COIS 3020 Assignment 2.csproj", "{E5F9B70B-185F-45F7-AEC0-89AEEE8B7384}"
EndProject
Global
	GlobalSection(SolutionConfigurationPlatforms) = preSolution
		Debug|Any CPU = Debug|Any CPU
		Release|Any CPU = Release|Any CPU
	EndGlobalSection
	GlobalSection(ProjectConfigurationPlatforms) = postSolution
		{E5F9B70B-185F-45F7-AEC0-89AEEE8B7384}.Debug|Any CPU.ActiveCfg = Debug|Any CPU
		{E5F9B70B-185F-45F7-AEC0-89AEEE8B7384}.Debug|Any CPU.Build.0 = Debug|Any CPU
		{E5F9B70B-185F-45F7-AEC0-89AEEE8B7384}.Release|Any CPU.ActiveCfg = Release|Any CPU
		{E5F9B70B-185F-45F7-AEC0-89AEEE8B7384}.Release|Any CPU.Build.0 = Release|Any CPU
	EndGlobalSection
	GlobalSection(SolutionProperties) = preSolution
		HideSolutionNode = FALSE
	EndGlobalSection
	GlobalSection(ExtensibilityGlobals) = postSolution
		SolutionGuid = {028FF977-2695-4A3E-A60A-185C2953BC01}
	EndGlobalSection
EndGlobal
