
Microsoft Visual Studio Solution File, Format Version 12.00
# Visual Studio 15
VisualStudioVersion = 15.0.28010.2036
MinimumVisualStudioVersion = 10.0.40219.1
Project("{FAE04EC0-301F-11D3-BF4B-00C04F79EFBC}") = "COIS 3020 Assignment 1", "COIS 3020 Assignment 1\COIS 3020 Assignment 1.csproj", "{CE7810BE-8935-4504-B43D-70B80C0FC063}"
EndProject
Global
	GlobalSection(SolutionConfigurationPlatforms) = preSolution
		Debug|Any CPU = Debug|Any CPU
		Release|Any CPU = Release|Any CPU
	EndGlobalSection
	GlobalSection(ProjectConfigurationPlatforms) = postSolution
		{CE7810BE-8935-4504-B43D-70B80C0FC063}.Debug|Any CPU.ActiveCfg = Debug|Any CPU
		{CE7810BE-8935-4504-B43D-70B80C0FC063}.Debug|Any CPU.Build.0 = Debug|Any CPU
		{CE7810BE-8935-4504-B43D-70B80C0FC063}.Release|Any CPU.ActiveCfg = Release|Any CPU
		{CE7810BE-8935-4504-B43D-70B80C0FC063}.Release|Any CPU.Build.0 = Release|Any CPU
	EndGlobalSection
	GlobalSection(SolutionProperties) = preSolution
		HideSolutionNode = FALSE
	EndGlobalSection
	GlobalSection(ExtensibilityGlobals) = postSolution
		SolutionGuid = {21DD1CA3-3376-4AA0-B8DD-C433B5330AD4}
	EndGlobalSection
EndGlobal
